<?xml version="1.0" encoding="utf-8"?>
<Project ToolsVersion="4.0" xmlns="http://schemas.microsoft.com/developer/msbuild/2003">
  <ItemGroup>
    <Filter Include="Source Files">
      <UniqueIdentifier>{4FC737F1-C7A5-4376-A066-2A32D752A2FF}</UniqueIdentifier>
      <Extensions>cpp;c;cc;cxx;def;odl;idl;hpj;bat;asm;asmx</Extensions>
    </Filter>
    <Filter Include="Header Files">
      <UniqueIdentifier>{93995380-89BD-4b04-88EB-625FBE52EBFB}</UniqueIdentifier>
      <Extensions>h;hpp;hxx;hm;inl;inc;xsd</Extensions>
    </Filter>
    <Filter Include="Resource Files">
      <UniqueIdentifier>{67DA6AB6-F800-4c08-8B7A-83BB121AAD01}</UniqueIdentifier>
      <Extensions>rc;ico;cur;bmp;dlg;rc2;rct;bin;rgs;gif;jpg;jpeg;jpe;resx;tiff;tif;png;wav;mfcribbon-ms</Extensions>
    </Filter>
  </ItemGroup>
  <ItemGroup>
    <ClInclude Include="Batch_Mode.h">
      <Filter>Header Files</Filter>
    </ClInclude>
    <ClInclude Include="Entropy.h">
      <Filter>Header Files</Filter>
    </ClInclude>
    <ClInclude Include="ISA.h">
      <Filter>Header Files</Filter>
    </ClInclude>
    <ClInclude Include="Read_Assignment.h">
      <Filter>Header Files</Filter>
    </ClInclude>
  </ItemGroup>
  <ItemGroup>
    <ClCompile Include="Solver.cpp">
      <Filter>Source Files</Filter>
    </ClCompile>
    <ClCompile Include="Assembly.cpp">
      <Filter>Source Files</Filter>
    </ClCompile>
    <ClCompile Include="Batch_Estimation.cpp">
      <Filter>Source Files</Filter>
    </ClCompile>
    <ClCompile Include="Batch_Processing.cpp">
      <Filter>Source Files</Filter>
    </ClCompile>
    <ClCompile Include="Entropy.cpp">
      <Filter>Source Files</Filter>
    </ClCompile>
    <ClCompile Include="Estimation.cpp">
      <Filter>Source Files</Filter>
    </ClCompile>
    <ClCompile Include="Location.cpp">
      <Filter>Source Files</Filter>
    </ClCompile>
    <ClCompile Include="main.cpp">
      <Filter>Source Files</Filter>
    </ClCompile>
    <ClCompile Include="Optimization.cpp">
      <Filter>Source Files</Filter>
    </ClCompile>
    <ClCompile Include="Path_Selection.cpp">
      <Filter>Source Files</Filter>
    </ClCompile>
    <ClCompile Include="Processing.cpp">
      <Filter>Source Files</Filter>
    </ClCompile>
    <ClCompile Include="Public_Function.cpp">
      <Filter>Source Files</Filter>
    </ClCompile>
    <ClCompile Include="Locus_Optimization.cpp">
      <Filter>Source Files</Filter>
    </ClCompile>
    <ClCompile Include="Locus_Path.cpp">
      <Filter>Source Files</Filter>
    </ClCompile>
    <ClCompile Include="Read_Assignment.cpp">
      <Filter>Source Files</Filter>
    </ClCompile>
  </ItemGroup>
</Project>